
Microsoft Visual Studio Solution File, Format Version 12.00
# Visual Studio Version 17
VisualStudioVersion = 17.5.002.0
MinimumVisualStudioVersion = 10.0.40219.1
Project("{9A19103F-16F7-4668-BE54-9A1E7A4F7556}") = "FirstWebMVC", "FirstWebMVC\FirstWebMVC.csproj", "{E218BB18-0C45-4DD2-BC40-F772B9C944D6}"
EndProject
Project("{9A19103F-16F7-4668-BE54-9A1E7A4F7556}") = "MvcMovie", "MvcMovie\MvcMovie.csproj", "{BEA898B3-2A74-4512-8014-55359B596915}"
EndProject
Project("{9A19103F-16F7-4668-BE54-9A1E7A4F7556}") = "NewApp", "NewApp\NewApp.csproj", "{41EB5FAD-44C4-439E-8580-8719E026C65D}"
EndProject
Global
	GlobalSection(SolutionConfigurationPlatforms) = preSolution
		Debug|Any CPU = Debug|Any CPU
		Release|Any CPU = Release|Any CPU
	EndGlobalSection
	GlobalSection(ProjectConfigurationPlatforms) = postSolution
		{E218BB18-0C45-4DD2-BC40-F772B9C944D6}.Debug|Any CPU.ActiveCfg = Debug|Any CPU
		{E218BB18-0C45-4DD2-BC40-F772B9C944D6}.Debug|Any CPU.Build.0 = Debug|Any CPU
		{E218BB18-0C45-4DD2-BC40-F772B9C944D6}.Release|Any CPU.ActiveCfg = Release|Any CPU
		{E218BB18-0C45-4DD2-BC40-F772B9C944D6}.Release|Any CPU.Build.0 = Release|Any CPU
		{BEA898B3-2A74-4512-8014-55359B596915}.Debug|Any CPU.ActiveCfg = Debug|Any CPU
		{BEA898B3-2A74-4512-8014-55359B596915}.Debug|Any CPU.Build.0 = Debug|Any CPU
		{BEA898B3-2A74-4512-8014-55359B596915}.Release|Any CPU.ActiveCfg = Release|Any CPU
		{BEA898B3-2A74-4512-8014-55359B596915}.Release|Any CPU.Build.0 = Release|Any CPU
		{41EB5FAD-44C4-439E-8580-8719E026C65D}.Debug|Any CPU.ActiveCfg = Debug|Any CPU
		{41EB5FAD-44C4-439E-8580-8719E026C65D}.Debug|Any CPU.Build.0 = Debug|Any CPU
		{41EB5FAD-44C4-439E-8580-8719E026C65D}.Release|Any CPU.ActiveCfg = Release|Any CPU
		{41EB5FAD-44C4-439E-8580-8719E026C65D}.Release|Any CPU.Build.0 = Release|Any CPU
	EndGlobalSection
	GlobalSection(SolutionProperties) = preSolution
		HideSolutionNode = FALSE
	EndGlobalSection
	GlobalSection(ExtensibilityGlobals) = postSolution
		SolutionGuid = {EE5DE499-8E05-4094-8F84-004EAAB1D7B1}
	EndGlobalSection
EndGlobal
